# THIS IS AN AUTOGENERATED FILE. DO NOT EDIT THIS FILE DIRECTLY.
# yarn lockfile v1


"a-sync-waterfall@^1.0.0":
  "integrity" "sha512-RYTOHHdWipFUliRFMCS4X2Yn2X8M87V/OpSqWzKKOGhzqyUxzyVmhHDH9sAvG+ZuQf/TAOFsLCpMw09I1ufUnA=="
  "resolved" "https://registry.npmjs.org/a-sync-waterfall/-/a-sync-waterfall-1.0.1.tgz"
  "version" "1.0.1"

"asap@^2.0.3":
  "integrity" "sha512-BSHWgDSAiKs50o2Re8ppvp3seVHXSRM44cdSsT9FfNEUUZLOGWVCsiWaRPWM1Znn+mqZ1OfVZ3z3DWEzSp7hRA=="
  "resolved" "https://registry.npmjs.org/asap/-/asap-2.0.6.tgz"
  "version" "2.0.6"

"auto-bind@^5.0.1":
  "integrity" "sha512-ooviqdwwgfIfNmDwo94wlshcdzfO64XV0Cg6oDsDYBJfITDz1EngD2z7DkbvCWn+XIMsIqW27sEVF6qcpJrRcg=="
  "resolved" "https://registry.npmjs.org/auto-bind/-/auto-bind-5.0.1.tgz"
  "version" "5.0.1"

"commander@^5.1.0":
  "integrity" "sha512-P0CysNDQ7rtVw4QIQtm+MRxV66vKFSvlsQvGYXZWR3qFU0jlMKHZZZgw8e+8DSah4UDKMqnknRDQz+xuQXQ/Zg=="
  "resolved" "https://registry.npmjs.org/commander/-/commander-5.1.0.tgz"
  "version" "5.1.0"

"nunjucks@^3.2.3":
  "integrity" "sha512-psb6xjLj47+fE76JdZwskvwG4MYsQKXUtMsPh6U0YMvmyjRtKRFcxnlXGWglNybtNTNVmGdp94K62/+NjF5FDQ=="
  "resolved" "https://registry.npmjs.org/nunjucks/-/nunjucks-3.2.3.tgz"
  "version" "3.2.3"
  dependencies:
    "a-sync-waterfall" "^1.0.0"
    "asap" "^2.0.3"
    "commander" "^5.1.0"
